
Microsoft Visual Studio Solution File, Format Version 11.00
# Visual Studio 2010
Project("{FAE04EC0-301F-11D3-BF4B-00C04F79EFBC}") = "Assembly-CSharp-firstpass", "Assembly-CSharp-firstpass.csproj", "{37b81887-27df-5383-f624-fe002170a640}"
EndProject
Project("{FAE04EC0-301F-11D3-BF4B-00C04F79EFBC}") = "Assembly-CSharp", "Assembly-CSharp.csproj", "{c942861c-6d7c-3e74-1e52-fa29ef12e9a1}"
EndProject
Project("{FAE04EC0-301F-11D3-BF4B-00C04F79EFBC}") = "Assembly-CSharp-Editor-firstpass", "Assembly-CSharp-Editor-firstpass.csproj", "{7021bdef-105e-9950-e22d-331bfaad7eb8}"
EndProject
Global
	GlobalSection(SolutionConfigurationPlatforms) = preSolution
		Debug|Any CPU = Debug|Any CPU
	EndGlobalSection
	GlobalSection(ProjectConfigurationPlatforms) = postSolution
		{37b81887-27df-5383-f624-fe002170a640}.Debug|Any CPU.ActiveCfg = Debug|Any CPU
		{37b81887-27df-5383-f624-fe002170a640}.Debug|Any CPU.Build.0 = Debug|Any CPU
		{c942861c-6d7c-3e74-1e52-fa29ef12e9a1}.Debug|Any CPU.ActiveCfg = Debug|Any CPU
		{c942861c-6d7c-3e74-1e52-fa29ef12e9a1}.Debug|Any CPU.Build.0 = Debug|Any CPU
		{7021bdef-105e-9950-e22d-331bfaad7eb8}.Debug|Any CPU.ActiveCfg = Debug|Any CPU
		{7021bdef-105e-9950-e22d-331bfaad7eb8}.Debug|Any CPU.Build.0 = Debug|Any CPU
	EndGlobalSection
	GlobalSection(SolutionProperties) = preSolution
		HideSolutionNode = FALSE
	EndGlobalSection
EndGlobal
